
Microsoft Visual Studio Solution File, Format Version 12.00
# Visual Studio Version 17
VisualStudioVersion = 17.0.32112.339
MinimumVisualStudioVersion = 10.0.40219.1
Project("{FAE04EC0-301F-11D3-BF4B-00C04F79EFBC}") = "SoftvisionBlazorMasters.Server", "SoftvisionBlazorMasters\Server\SoftvisionBlazorMasters.Server.csproj", "{34918833-39BA-4740-86CD-75A826C90021}"
EndProject
Project("{FAE04EC0-301F-11D3-BF4B-00C04F79EFBC}") = "SoftvisionBlazorMasters.Client", "SoftvisionBlazorMasters\Client\SoftvisionBlazorMasters.Client.csproj", "{F6AEFA09-5426-4844-9616-9A6F063FFB99}"
EndProject
Project("{FAE04EC0-301F-11D3-BF4B-00C04F79EFBC}") = "SoftvisionBlazorMasters.Shared", "SoftvisionBlazorMasters\Shared\SoftvisionBlazorMasters.Shared.csproj", "{ADE36FEF-AA6C-47B3-90ED-54D5D027D06C}"
EndProject
Global
	GlobalSection(SolutionConfigurationPlatforms) = preSolution
		Debug|Any CPU = Debug|Any CPU
		Release|Any CPU = Release|Any CPU
	EndGlobalSection
	GlobalSection(ProjectConfigurationPlatforms) = postSolution
		{34918833-39BA-4740-86CD-75A826C90021}.Debug|Any CPU.ActiveCfg = Debug|Any CPU
		{34918833-39BA-4740-86CD-75A826C90021}.Debug|Any CPU.Build.0 = Debug|Any CPU
		{34918833-39BA-4740-86CD-75A826C90021}.Release|Any CPU.ActiveCfg = Release|Any CPU
		{34918833-39BA-4740-86CD-75A826C90021}.Release|Any CPU.Build.0 = Release|Any CPU
		{F6AEFA09-5426-4844-9616-9A6F063FFB99}.Debug|Any CPU.ActiveCfg = Debug|Any CPU
		{F6AEFA09-5426-4844-9616-9A6F063FFB99}.Debug|Any CPU.Build.0 = Debug|Any CPU
		{F6AEFA09-5426-4844-9616-9A6F063FFB99}.Release|Any CPU.ActiveCfg = Release|Any CPU
		{F6AEFA09-5426-4844-9616-9A6F063FFB99}.Release|Any CPU.Build.0 = Release|Any CPU
		{ADE36FEF-AA6C-47B3-90ED-54D5D027D06C}.Debug|Any CPU.ActiveCfg = Debug|Any CPU
		{ADE36FEF-AA6C-47B3-90ED-54D5D027D06C}.Debug|Any CPU.Build.0 = Debug|Any CPU
		{ADE36FEF-AA6C-47B3-90ED-54D5D027D06C}.Release|Any CPU.ActiveCfg = Release|Any CPU
		{ADE36FEF-AA6C-47B3-90ED-54D5D027D06C}.Release|Any CPU.Build.0 = Release|Any CPU
	EndGlobalSection
	GlobalSection(SolutionProperties) = preSolution
		HideSolutionNode = FALSE
	EndGlobalSection
	GlobalSection(ExtensibilityGlobals) = postSolution
		SolutionGuid = {7E3464FA-9B1F-4A50-A125-962C420592D9}
	EndGlobalSection
EndGlobal
