
Microsoft Visual Studio Solution File, Format Version 12.00
# Visual Studio Version 17
VisualStudioVersion = 17.1.32421.90
MinimumVisualStudioVersion = 10.0.40219.1
Project("{9A19103F-16F7-4668-BE54-9A1E7A4F7556}") = "CovacRegistration.Server", "CovacRegistration\Server\CovacRegistration.Server.csproj", "{AF40EBDC-F013-4465-ACBB-D334D812E8B1}"
EndProject
Project("{9A19103F-16F7-4668-BE54-9A1E7A4F7556}") = "CovacRegistration.Client", "CovacRegistration\Client\CovacRegistration.Client.csproj", "{74E4016F-F6AD-4CFD-BB11-D2B0D5F45477}"
EndProject
Project("{9A19103F-16F7-4668-BE54-9A1E7A4F7556}") = "CovacRegistration.Shared", "CovacRegistration\Shared\CovacRegistration.Shared.csproj", "{7974EB2C-4479-43BC-8588-3870E8AC260D}"
EndProject
Global
	GlobalSection(SolutionConfigurationPlatforms) = preSolution
		Debug|Any CPU = Debug|Any CPU
		Release|Any CPU = Release|Any CPU
	EndGlobalSection
	GlobalSection(ProjectConfigurationPlatforms) = postSolution
		{AF40EBDC-F013-4465-ACBB-D334D812E8B1}.Debug|Any CPU.ActiveCfg = Debug|Any CPU
		{AF40EBDC-F013-4465-ACBB-D334D812E8B1}.Debug|Any CPU.Build.0 = Debug|Any CPU
		{AF40EBDC-F013-4465-ACBB-D334D812E8B1}.Release|Any CPU.ActiveCfg = Release|Any CPU
		{AF40EBDC-F013-4465-ACBB-D334D812E8B1}.Release|Any CPU.Build.0 = Release|Any CPU
		{74E4016F-F6AD-4CFD-BB11-D2B0D5F45477}.Debug|Any CPU.ActiveCfg = Debug|Any CPU
		{74E4016F-F6AD-4CFD-BB11-D2B0D5F45477}.Debug|Any CPU.Build.0 = Debug|Any CPU
		{74E4016F-F6AD-4CFD-BB11-D2B0D5F45477}.Release|Any CPU.ActiveCfg = Release|Any CPU
		{74E4016F-F6AD-4CFD-BB11-D2B0D5F45477}.Release|Any CPU.Build.0 = Release|Any CPU
		{7974EB2C-4479-43BC-8588-3870E8AC260D}.Debug|Any CPU.ActiveCfg = Debug|Any CPU
		{7974EB2C-4479-43BC-8588-3870E8AC260D}.Debug|Any CPU.Build.0 = Debug|Any CPU
		{7974EB2C-4479-43BC-8588-3870E8AC260D}.Release|Any CPU.ActiveCfg = Release|Any CPU
		{7974EB2C-4479-43BC-8588-3870E8AC260D}.Release|Any CPU.Build.0 = Release|Any CPU
	EndGlobalSection
	GlobalSection(SolutionProperties) = preSolution
		HideSolutionNode = FALSE
	EndGlobalSection
	GlobalSection(ExtensibilityGlobals) = postSolution
		SolutionGuid = {A60FF608-A8F8-4FEE-A00B-8C73E16B944F}
	EndGlobalSection
EndGlobal
